
Microsoft Visual Studio Solution File, Format Version 12.00
# Visual Studio Version 16
VisualStudioVersion = 16.6.30114.105
MinimumVisualStudioVersion = 10.0.40219.1
Project("{2150E333-8FDC-42A3-9474-1A3956D46DE8}") = "Services", "Services", "{DA5816C1-E7F3-4697-BEDC-7894896854E5}"
EndProject
Project("{2150E333-8FDC-42A3-9474-1A3956D46DE8}") = "BuildingBlocks", "BuildingBlocks", "{8302A3D4-8CC6-4A76-BD0B-8791BECA4379}"
EndProject
Project("{2150E333-8FDC-42A3-9474-1A3956D46DE8}") = "ApiGateways", "ApiGateways", "{E3D76CEA-9156-4903-97C0-85086829F8DC}"
EndProject
Project("{2150E333-8FDC-42A3-9474-1A3956D46DE8}") = "Betting", "Betting", "{684CFEA8-8D39-4C68-97B8-A392D4FDB319}"
EndProject
Project("{2150E333-8FDC-42A3-9474-1A3956D46DE8}") = "Betslips", "Betslips", "{425C12A3-D4E2-470E-9EFE-9889A718A0EE}"
EndProject
Project("{2150E333-8FDC-42A3-9474-1A3956D46DE8}") = "EventBus", "EventBus", "{969434FE-5D1B-4FBB-9D91-CD77F5B3D6F2}"
EndProject
Project("{9A19103F-16F7-4668-BE54-9A1E7A4F7556}") = "EventBus", "BuildingBlocks\EventBus\EventBus\EventBus\EventBus.csproj", "{86BBEB98-79B8-400A-863B-A0A595D3EA3A}"
EndProject
Project("{9A19103F-16F7-4668-BE54-9A1E7A4F7556}") = "Betslips.API", "Services\Betslips\Betslips.API\Betslips.API\Betslips.API.csproj", "{6CA6C5AF-69A0-434F-AADB-E98ECF9C732B}"
EndProject
Project("{9A19103F-16F7-4668-BE54-9A1E7A4F7556}") = "Betting.API", "Services\Betting\Betting.API\Betting.API\Betting.API.csproj", "{4B884088-F8A0-4483-9CDD-692225E07FF9}"
EndProject
Project("{9A19103F-16F7-4668-BE54-9A1E7A4F7556}") = "EventBusRabbitMQ", "BuildingBlocks\EventBus\EventBusRabbitMQ\EventBusRabbitMQ\EventBusRabbitMQ.csproj", "{FC8D521E-DF7A-436B-B33D-0BF0B3A9707D}"
EndProject
Project("{9A19103F-16F7-4668-BE54-9A1E7A4F7556}") = "IntegrationEventLogEF", "BuildingBlocks\EventBus\IntegrationEventLogEF\IntegrationEventLogEF\IntegrationEventLogEF.csproj", "{5A28FF21-794E-4138-82C0-EB5FBEB94E46}"
EndProject
Project("{2150E333-8FDC-42A3-9474-1A3956D46DE8}") = "Sportsbook", "Sportsbook", "{ECD47B2E-ED9D-4B8A-92F1-950268516BF5}"
EndProject
Project("{9A19103F-16F7-4668-BE54-9A1E7A4F7556}") = "Sportbook.API", "Services\Sportsbook\Sportsbook.API\Sportbook.API\Sportbook.API.csproj", "{78FA6AF1-581A-48F7-A794-33162A782D3F}"
	ProjectSection(ProjectDependencies) = postProject
		{FC8D521E-DF7A-436B-B33D-0BF0B3A9707D} = {FC8D521E-DF7A-436B-B33D-0BF0B3A9707D}
		{5A28FF21-794E-4138-82C0-EB5FBEB94E46} = {5A28FF21-794E-4138-82C0-EB5FBEB94E46}
	EndProjectSection
EndProject
Project("{2150E333-8FDC-42A3-9474-1A3956D46DE8}") = "MatchSimulation", "MatchSimulation", "{4F32ED19-73FA-4598-AB0C-7EA91C5FED77}"
EndProject
Project("{2150E333-8FDC-42A3-9474-1A3956D46DE8}") = "Notifications", "Notifications", "{7CD8338F-A7C1-481D-AB07-D8CB6E7893CA}"
EndProject
Project("{2150E333-8FDC-42A3-9474-1A3956D46DE8}") = "Wallets", "Wallets", "{23A68E44-4EEF-4DF2-8FC7-DA4DCA79AF10}"
EndProject
Project("{2150E333-8FDC-42A3-9474-1A3956D46DE8}") = "IdentityServer", "IdentityServer", "{DBB6E8CB-F269-4AF1-968B-0EB5C809BD08}"
EndProject
Project("{9A19103F-16F7-4668-BE54-9A1E7A4F7556}") = "Betting.Domain", "Services\Betting\Betting.Domain\Betting.Domain\Betting.Domain.csproj", "{060D178A-7C05-414A-8315-7540B6F92A5E}"
EndProject
Project("{9A19103F-16F7-4668-BE54-9A1E7A4F7556}") = "Betting.Infrastructure", "Services\Betting\Betting.Infrastructure\Betting.Infrastructure\Betting.Infrastructure.csproj", "{6B5CF689-AD7E-426F-AF1A-FCF4B41B0DED}"
EndProject
Project("{9A19103F-16F7-4668-BE54-9A1E7A4F7556}") = "Betslips.Domain", "Services\Betslips\Betslips.Domain\Betslips.Domain\Betslips.Domain.csproj", "{9581C96A-19BF-47E1-A400-376A92F1C97C}"
EndProject
Project("{9A19103F-16F7-4668-BE54-9A1E7A4F7556}") = "Betslips.Infrastructure", "Services\Betslips\Betslips.Infrastructure\Betslips.Infrastructure\Betslips.Infrastructure.csproj", "{05E7D1E7-5AD9-47D2-9D48-A9028132F61B}"
EndProject
Project("{9A19103F-16F7-4668-BE54-9A1E7A4F7556}") = "Wallets.API", "Services\Wallets\Wallets.API\Wallets.API.csproj", "{8BC20E2C-F502-4486-83D0-38F43F74EDAB}"
EndProject
Project("{2150E333-8FDC-42A3-9474-1A3956D46DE8}") = "Payments", "Payments", "{A1FFF751-0804-4BD2-8251-2CD62D97D6F0}"
EndProject
Project("{9A19103F-16F7-4668-BE54-9A1E7A4F7556}") = "Payments.API", "Services\Payments\Payments.API\Payments.API.csproj", "{68E35071-D386-4AFF-BF60-2D954B026A3E}"
EndProject
Project("{9A19103F-16F7-4668-BE54-9A1E7A4F7556}") = "MatchSimulation.API", "Services\MatchSimulation\MatchSimulation.API\MatchSimulation.API.csproj", "{A7A209FB-4D1B-411B-9566-49E42F4BC784}"
EndProject
Project("{9A19103F-16F7-4668-BE54-9A1E7A4F7556}") = "MatchSimulation.Domain", "Services\MatchSimulation\MatchSimulation.Domain\MatchSimulation.Domain\MatchSimulation.Domain.csproj", "{FFFD1FAB-17C8-42AC-B89C-143068FFB8F0}"
EndProject
Project("{9A19103F-16F7-4668-BE54-9A1E7A4F7556}") = "MatchSimulation.Infrastructure", "Services\MatchSimulation\MatchSimulation.Infrastructure\MatchSimulation.Infrastructure\MatchSimulation.Infrastructure.csproj", "{C491B8DF-C053-412C-A058-4677BE1A7DEF}"
EndProject
Project("{9A19103F-16F7-4668-BE54-9A1E7A4F7556}") = "Notifications.API", "Services\Notifications\Notifications.API\Notifications.API.csproj", "{33205FA2-48AF-415E-BDE5-91075C243D6E}"
EndProject
Project("{2150E333-8FDC-42A3-9474-1A3956D46DE8}") = "WebApps", "WebApps", "{8764100B-DE73-4BD4-A36E-52AC929E3135}"
EndProject
Project("{2150E333-8FDC-42A3-9474-1A3956D46DE8}") = "WebRazorPages", "WebRazorPages", "{952F07F2-F575-4B04-8987-92383A8EAC4E}"
EndProject
Project("{9A19103F-16F7-4668-BE54-9A1E7A4F7556}") = "WebRazorPages", "WebApps\WebRazorPages\WebRazorPages\WebRazorPages.csproj", "{BA05CA6E-464A-4003-BAF5-F7ADDC37CA0B}"
EndProject
Project("{9A19103F-16F7-4668-BE54-9A1E7A4F7556}") = "Identity.API", "Services\IdentityServer\Identity.API\Identity.API.csproj", "{397A69C8-326F-4C5A-9618-33BD1D8C8E58}"
EndProject
Project("{9A19103F-16F7-4668-BE54-9A1E7A4F7556}") = "Betting.SignalrHub", "Services\Betting\Betting.SignalrHub\Betting.SignalrHub\Betting.SignalrHub.csproj", "{C4B9F135-C1CD-45F4-BB7C-386E2C62ECA8}"
EndProject
Project("{9A19103F-16F7-4668-BE54-9A1E7A4F7556}") = "Betslips.SignalrHub", "Services\Betslips\Betslips.SignalrHub\Betslips.SignalrHub\Betslips.SignalrHub.csproj", "{B50E646C-2C04-40E6-A2BB-B090BD425AF4}"
EndProject
Project("{9A19103F-16F7-4668-BE54-9A1E7A4F7556}") = "Sportsbook.SignalrHub", "Services\Sportsbook\Sportsbook.SignalrHub\Sportsbook.SignalrHub\Sportsbook.SignalrHub.csproj", "{6B3E0D25-E51C-40BA-95A6-708EC03D9CBB}"
EndProject
Project("{2150E333-8FDC-42A3-9474-1A3956D46DE8}") = "ApiGw-Base", "ApiGw-Base", "{73B583D2-E51D-4D85-8FD9-80FE03E17229}"
EndProject
Project("{9A19103F-16F7-4668-BE54-9A1E7A4F7556}") = "OcelotApiGw", "ApiGateways\ApiGw-Base\OcelotApiGw\OcelotApiGw.csproj", "{3080DF43-EACB-43BB-B3B5-3FF33EEF0447}"
EndProject
Project("{2150E333-8FDC-42A3-9474-1A3956D46DE8}") = "Web.Bff.Gambling", "Web.Bff.Gambling", "{F2CD7D3A-4AE3-4DD9-8F0E-3A1AD0C544EE}"
	ProjectSection(SolutionItems) = preProject
		ApiGateways\Web.Bff.Gambling\configuration.json = ApiGateways\Web.Bff.Gambling\configuration.json
	EndProjectSection
EndProject
Project("{2150E333-8FDC-42A3-9474-1A3956D46DE8}") = "Web.Bff.WalletsAndNotifications", "Web.Bff.WalletsAndNotifications", "{1FFB3CE6-719E-4477-9C1B-691872062243}"
	ProjectSection(SolutionItems) = preProject
		ApiGateways\Web.Bff.WalletsAndNotifications\configuration.json = ApiGateways\Web.Bff.WalletsAndNotifications\configuration.json
	EndProjectSection
EndProject
Project("{E53339B2-1760-4266-BCC7-CA923CBCF16C}") = "docker-compose", "docker-compose.dcproj", "{FA3129F8-0B5B-43CE-8F27-325A4F9D37BD}"
EndProject
Global
	GlobalSection(SolutionConfigurationPlatforms) = preSolution
		Debug|Any CPU = Debug|Any CPU
		Debug|x64 = Debug|x64
		Debug|x86 = Debug|x86
		Release|Any CPU = Release|Any CPU
		Release|x64 = Release|x64
		Release|x86 = Release|x86
	EndGlobalSection
	GlobalSection(ProjectConfigurationPlatforms) = postSolution
		{86BBEB98-79B8-400A-863B-A0A595D3EA3A}.Debug|Any CPU.ActiveCfg = Debug|Any CPU
		{86BBEB98-79B8-400A-863B-A0A595D3EA3A}.Debug|Any CPU.Build.0 = Debug|Any CPU
		{86BBEB98-79B8-400A-863B-A0A595D3EA3A}.Debug|x64.ActiveCfg = Debug|Any CPU
		{86BBEB98-79B8-400A-863B-A0A595D3EA3A}.Debug|x64.Build.0 = Debug|Any CPU
		{86BBEB98-79B8-400A-863B-A0A595D3EA3A}.Debug|x86.ActiveCfg = Debug|Any CPU
		{86BBEB98-79B8-400A-863B-A0A595D3EA3A}.Debug|x86.Build.0 = Debug|Any CPU
		{86BBEB98-79B8-400A-863B-A0A595D3EA3A}.Release|Any CPU.ActiveCfg = Release|Any CPU
		{86BBEB98-79B8-400A-863B-A0A595D3EA3A}.Release|Any CPU.Build.0 = Release|Any CPU
		{86BBEB98-79B8-400A-863B-A0A595D3EA3A}.Release|x64.ActiveCfg = Release|Any CPU
		{86BBEB98-79B8-400A-863B-A0A595D3EA3A}.Release|x64.Build.0 = Release|Any CPU
		{86BBEB98-79B8-400A-863B-A0A595D3EA3A}.Release|x86.ActiveCfg = Release|Any CPU
		{86BBEB98-79B8-400A-863B-A0A595D3EA3A}.Release|x86.Build.0 = Release|Any CPU
		{6CA6C5AF-69A0-434F-AADB-E98ECF9C732B}.Debug|Any CPU.ActiveCfg = Debug|Any CPU
		{6CA6C5AF-69A0-434F-AADB-E98ECF9C732B}.Debug|Any CPU.Build.0 = Debug|Any CPU
		{6CA6C5AF-69A0-434F-AADB-E98ECF9C732B}.Debug|x64.ActiveCfg = Debug|Any CPU
		{6CA6C5AF-69A0-434F-AADB-E98ECF9C732B}.Debug|x64.Build.0 = Debug|Any CPU
		{6CA6C5AF-69A0-434F-AADB-E98ECF9C732B}.Debug|x86.ActiveCfg = Debug|Any CPU
		{6CA6C5AF-69A0-434F-AADB-E98ECF9C732B}.Debug|x86.Build.0 = Debug|Any CPU
		{6CA6C5AF-69A0-434F-AADB-E98ECF9C732B}.Release|Any CPU.ActiveCfg = Release|Any CPU
		{6CA6C5AF-69A0-434F-AADB-E98ECF9C732B}.Release|Any CPU.Build.0 = Release|Any CPU
		{6CA6C5AF-69A0-434F-AADB-E98ECF9C732B}.Release|x64.ActiveCfg = Release|Any CPU
		{6CA6C5AF-69A0-434F-AADB-E98ECF9C732B}.Release|x64.Build.0 = Release|Any CPU
		{6CA6C5AF-69A0-434F-AADB-E98ECF9C732B}.Release|x86.ActiveCfg = Release|Any CPU
		{6CA6C5AF-69A0-434F-AADB-E98ECF9C732B}.Release|x86.Build.0 = Release|Any CPU
		{4B884088-F8A0-4483-9CDD-692225E07FF9}.Debug|Any CPU.ActiveCfg = Debug|Any CPU
		{4B884088-F8A0-4483-9CDD-692225E07FF9}.Debug|Any CPU.Build.0 = Debug|Any CPU
		{4B884088-F8A0-4483-9CDD-692225E07FF9}.Debug|x64.ActiveCfg = Debug|Any CPU
		{4B884088-F8A0-4483-9CDD-692225E07FF9}.Debug|x64.Build.0 = Debug|Any CPU
		{4B884088-F8A0-4483-9CDD-692225E07FF9}.Debug|x86.ActiveCfg = Debug|Any CPU
		{4B884088-F8A0-4483-9CDD-692225E07FF9}.Debug|x86.Build.0 = Debug|Any CPU
		{4B884088-F8A0-4483-9CDD-692225E07FF9}.Release|Any CPU.ActiveCfg = Release|Any CPU
		{4B884088-F8A0-4483-9CDD-692225E07FF9}.Release|Any CPU.Build.0 = Release|Any CPU
		{4B884088-F8A0-4483-9CDD-692225E07FF9}.Release|x64.ActiveCfg = Release|Any CPU
		{4B884088-F8A0-4483-9CDD-692225E07FF9}.Release|x64.Build.0 = Release|Any CPU
		{4B884088-F8A0-4483-9CDD-692225E07FF9}.Release|x86.ActiveCfg = Release|Any CPU
		{4B884088-F8A0-4483-9CDD-692225E07FF9}.Release|x86.Build.0 = Release|Any CPU
		{FC8D521E-DF7A-436B-B33D-0BF0B3A9707D}.Debug|Any CPU.ActiveCfg = Debug|Any CPU
		{FC8D521E-DF7A-436B-B33D-0BF0B3A9707D}.Debug|Any CPU.Build.0 = Debug|Any CPU
		{FC8D521E-DF7A-436B-B33D-0BF0B3A9707D}.Debug|x64.ActiveCfg = Debug|Any CPU
		{FC8D521E-DF7A-436B-B33D-0BF0B3A9707D}.Debug|x64.Build.0 = Debug|Any CPU
		{FC8D521E-DF7A-436B-B33D-0BF0B3A9707D}.Debug|x86.ActiveCfg = Debug|Any CPU
		{FC8D521E-DF7A-436B-B33D-0BF0B3A9707D}.Debug|x86.Build.0 = Debug|Any CPU
		{FC8D521E-DF7A-436B-B33D-0BF0B3A9707D}.Release|Any CPU.ActiveCfg = Release|Any CPU
		{FC8D521E-DF7A-436B-B33D-0BF0B3A9707D}.Release|Any CPU.Build.0 = Release|Any CPU
		{FC8D521E-DF7A-436B-B33D-0BF0B3A9707D}.Release|x64.ActiveCfg = Release|Any CPU
		{FC8D521E-DF7A-436B-B33D-0BF0B3A9707D}.Release|x64.Build.0 = Release|Any CPU
		{FC8D521E-DF7A-436B-B33D-0BF0B3A9707D}.Release|x86.ActiveCfg = Release|Any CPU
		{FC8D521E-DF7A-436B-B33D-0BF0B3A9707D}.Release|x86.Build.0 = Release|Any CPU
		{5A28FF21-794E-4138-82C0-EB5FBEB94E46}.Debug|Any CPU.ActiveCfg = Debug|Any CPU
		{5A28FF21-794E-4138-82C0-EB5FBEB94E46}.Debug|Any CPU.Build.0 = Debug|Any CPU
		{5A28FF21-794E-4138-82C0-EB5FBEB94E46}.Debug|x64.ActiveCfg = Debug|Any CPU
		{5A28FF21-794E-4138-82C0-EB5FBEB94E46}.Debug|x64.Build.0 = Debug|Any CPU
		{5A28FF21-794E-4138-82C0-EB5FBEB94E46}.Debug|x86.ActiveCfg = Debug|Any CPU
		{5A28FF21-794E-4138-82C0-EB5FBEB94E46}.Debug|x86.Build.0 = Debug|Any CPU
		{5A28FF21-794E-4138-82C0-EB5FBEB94E46}.Release|Any CPU.ActiveCfg = Release|Any CPU
		{5A28FF21-794E-4138-82C0-EB5FBEB94E46}.Release|Any CPU.Build.0 = Release|Any CPU
		{5A28FF21-794E-4138-82C0-EB5FBEB94E46}.Release|x64.ActiveCfg = Release|Any CPU
		{5A28FF21-794E-4138-82C0-EB5FBEB94E46}.Release|x64.Build.0 = Release|Any CPU
		{5A28FF21-794E-4138-82C0-EB5FBEB94E46}.Release|x86.ActiveCfg = Release|Any CPU
		{5A28FF21-794E-4138-82C0-EB5FBEB94E46}.Release|x86.Build.0 = Release|Any CPU
		{78FA6AF1-581A-48F7-A794-33162A782D3F}.Debug|Any CPU.ActiveCfg = Debug|Any CPU
		{78FA6AF1-581A-48F7-A794-33162A782D3F}.Debug|Any CPU.Build.0 = Debug|Any CPU
		{78FA6AF1-581A-48F7-A794-33162A782D3F}.Debug|x64.ActiveCfg = Debug|Any CPU
		{78FA6AF1-581A-48F7-A794-33162A782D3F}.Debug|x64.Build.0 = Debug|Any CPU
		{78FA6AF1-581A-48F7-A794-33162A782D3F}.Debug|x86.ActiveCfg = Debug|Any CPU
		{78FA6AF1-581A-48F7-A794-33162A782D3F}.Debug|x86.Build.0 = Debug|Any CPU
		{78FA6AF1-581A-48F7-A794-33162A782D3F}.Release|Any CPU.ActiveCfg = Release|Any CPU
		{78FA6AF1-581A-48F7-A794-33162A782D3F}.Release|Any CPU.Build.0 = Release|Any CPU
		{78FA6AF1-581A-48F7-A794-33162A782D3F}.Release|x64.ActiveCfg = Release|Any CPU
		{78FA6AF1-581A-48F7-A794-33162A782D3F}.Release|x64.Build.0 = Release|Any CPU
		{78FA6AF1-581A-48F7-A794-33162A782D3F}.Release|x86.ActiveCfg = Release|Any CPU
		{78FA6AF1-581A-48F7-A794-33162A782D3F}.Release|x86.Build.0 = Release|Any CPU
		{060D178A-7C05-414A-8315-7540B6F92A5E}.Debug|Any CPU.ActiveCfg = Debug|Any CPU
		{060D178A-7C05-414A-8315-7540B6F92A5E}.Debug|Any CPU.Build.0 = Debug|Any CPU
		{060D178A-7C05-414A-8315-7540B6F92A5E}.Debug|x64.ActiveCfg = Debug|Any CPU
		{060D178A-7C05-414A-8315-7540B6F92A5E}.Debug|x64.Build.0 = Debug|Any CPU
		{060D178A-7C05-414A-8315-7540B6F92A5E}.Debug|x86.ActiveCfg = Debug|Any CPU
		{060D178A-7C05-414A-8315-7540B6F92A5E}.Debug|x86.Build.0 = Debug|Any CPU
		{060D178A-7C05-414A-8315-7540B6F92A5E}.Release|Any CPU.ActiveCfg = Release|Any CPU
		{060D178A-7C05-414A-8315-7540B6F92A5E}.Release|Any CPU.Build.0 = Release|Any CPU
		{060D178A-7C05-414A-8315-7540B6F92A5E}.Release|x64.ActiveCfg = Release|Any CPU
		{060D178A-7C05-414A-8315-7540B6F92A5E}.Release|x64.Build.0 = Release|Any CPU
		{060D178A-7C05-414A-8315-7540B6F92A5E}.Release|x86.ActiveCfg = Release|Any CPU
		{060D178A-7C05-414A-8315-7540B6F92A5E}.Release|x86.Build.0 = Release|Any CPU
		{6B5CF689-AD7E-426F-AF1A-FCF4B41B0DED}.Debug|Any CPU.ActiveCfg = Debug|Any CPU
		{6B5CF689-AD7E-426F-AF1A-FCF4B41B0DED}.Debug|Any CPU.Build.0 = Debug|Any CPU
		{6B5CF689-AD7E-426F-AF1A-FCF4B41B0DED}.Debug|x64.ActiveCfg = Debug|Any CPU
		{6B5CF689-AD7E-426F-AF1A-FCF4B41B0DED}.Debug|x64.Build.0 = Debug|Any CPU
		{6B5CF689-AD7E-426F-AF1A-FCF4B41B0DED}.Debug|x86.ActiveCfg = Debug|Any CPU
		{6B5CF689-AD7E-426F-AF1A-FCF4B41B0DED}.Debug|x86.Build.0 = Debug|Any CPU
		{6B5CF689-AD7E-426F-AF1A-FCF4B41B0DED}.Release|Any CPU.ActiveCfg = Release|Any CPU
		{6B5CF689-AD7E-426F-AF1A-FCF4B41B0DED}.Release|Any CPU.Build.0 = Release|Any CPU
		{6B5CF689-AD7E-426F-AF1A-FCF4B41B0DED}.Release|x64.ActiveCfg = Release|Any CPU
		{6B5CF689-AD7E-426F-AF1A-FCF4B41B0DED}.Release|x64.Build.0 = Release|Any CPU
		{6B5CF689-AD7E-426F-AF1A-FCF4B41B0DED}.Release|x86.ActiveCfg = Release|Any CPU
		{6B5CF689-AD7E-426F-AF1A-FCF4B41B0DED}.Release|x86.Build.0 = Release|Any CPU
		{9581C96A-19BF-47E1-A400-376A92F1C97C}.Debug|Any CPU.ActiveCfg = Debug|Any CPU
		{9581C96A-19BF-47E1-A400-376A92F1C97C}.Debug|Any CPU.Build.0 = Debug|Any CPU
		{9581C96A-19BF-47E1-A400-376A92F1C97C}.Debug|x64.ActiveCfg = Debug|Any CPU
		{9581C96A-19BF-47E1-A400-376A92F1C97C}.Debug|x64.Build.0 = Debug|Any CPU
		{9581C96A-19BF-47E1-A400-376A92F1C97C}.Debug|x86.ActiveCfg = Debug|Any CPU
		{9581C96A-19BF-47E1-A400-376A92F1C97C}.Debug|x86.Build.0 = Debug|Any CPU
		{9581C96A-19BF-47E1-A400-376A92F1C97C}.Release|Any CPU.ActiveCfg = Release|Any CPU
		{9581C96A-19BF-47E1-A400-376A92F1C97C}.Release|Any CPU.Build.0 = Release|Any CPU
		{9581C96A-19BF-47E1-A400-376A92F1C97C}.Release|x64.ActiveCfg = Release|Any CPU
		{9581C96A-19BF-47E1-A400-376A92F1C97C}.Release|x64.Build.0 = Release|Any CPU
		{9581C96A-19BF-47E1-A400-376A92F1C97C}.Release|x86.ActiveCfg = Release|Any CPU
		{9581C96A-19BF-47E1-A400-376A92F1C97C}.Release|x86.Build.0 = Release|Any CPU
		{05E7D1E7-5AD9-47D2-9D48-A9028132F61B}.Debug|Any CPU.ActiveCfg = Debug|Any CPU
		{05E7D1E7-5AD9-47D2-9D48-A9028132F61B}.Debug|Any CPU.Build.0 = Debug|Any CPU
		{05E7D1E7-5AD9-47D2-9D48-A9028132F61B}.Debug|x64.ActiveCfg = Debug|Any CPU
		{05E7D1E7-5AD9-47D2-9D48-A9028132F61B}.Debug|x64.Build.0 = Debug|Any CPU
		{05E7D1E7-5AD9-47D2-9D48-A9028132F61B}.Debug|x86.ActiveCfg = Debug|Any CPU
		{05E7D1E7-5AD9-47D2-9D48-A9028132F61B}.Debug|x86.Build.0 = Debug|Any CPU
		{05E7D1E7-5AD9-47D2-9D48-A9028132F61B}.Release|Any CPU.ActiveCfg = Release|Any CPU
		{05E7D1E7-5AD9-47D2-9D48-A9028132F61B}.Release|Any CPU.Build.0 = Release|Any CPU
		{05E7D1E7-5AD9-47D2-9D48-A9028132F61B}.Release|x64.ActiveCfg = Release|Any CPU
		{05E7D1E7-5AD9-47D2-9D48-A9028132F61B}.Release|x64.Build.0 = Release|Any CPU
		{05E7D1E7-5AD9-47D2-9D48-A9028132F61B}.Release|x86.ActiveCfg = Release|Any CPU
		{05E7D1E7-5AD9-47D2-9D48-A9028132F61B}.Release|x86.Build.0 = Release|Any CPU
		{8BC20E2C-F502-4486-83D0-38F43F74EDAB}.Debug|Any CPU.ActiveCfg = Debug|Any CPU
		{8BC20E2C-F502-4486-83D0-38F43F74EDAB}.Debug|Any CPU.Build.0 = Debug|Any CPU
		{8BC20E2C-F502-4486-83D0-38F43F74EDAB}.Debug|x64.ActiveCfg = Debug|Any CPU
		{8BC20E2C-F502-4486-83D0-38F43F74EDAB}.Debug|x64.Build.0 = Debug|Any CPU
		{8BC20E2C-F502-4486-83D0-38F43F74EDAB}.Debug|x86.ActiveCfg = Debug|Any CPU
		{8BC20E2C-F502-4486-83D0-38F43F74EDAB}.Debug|x86.Build.0 = Debug|Any CPU
		{8BC20E2C-F502-4486-83D0-38F43F74EDAB}.Release|Any CPU.ActiveCfg = Release|Any CPU
		{8BC20E2C-F502-4486-83D0-38F43F74EDAB}.Release|Any CPU.Build.0 = Release|Any CPU
		{8BC20E2C-F502-4486-83D0-38F43F74EDAB}.Release|x64.ActiveCfg = Release|Any CPU
		{8BC20E2C-F502-4486-83D0-38F43F74EDAB}.Release|x64.Build.0 = Release|Any CPU
		{8BC20E2C-F502-4486-83D0-38F43F74EDAB}.Release|x86.ActiveCfg = Release|Any CPU
		{8BC20E2C-F502-4486-83D0-38F43F74EDAB}.Release|x86.Build.0 = Release|Any CPU
		{68E35071-D386-4AFF-BF60-2D954B026A3E}.Debug|Any CPU.ActiveCfg = Debug|Any CPU
		{68E35071-D386-4AFF-BF60-2D954B026A3E}.Debug|Any CPU.Build.0 = Debug|Any CPU
		{68E35071-D386-4AFF-BF60-2D954B026A3E}.Debug|x64.ActiveCfg = Debug|Any CPU
		{68E35071-D386-4AFF-BF60-2D954B026A3E}.Debug|x64.Build.0 = Debug|Any CPU
		{68E35071-D386-4AFF-BF60-2D954B026A3E}.Debug|x86.ActiveCfg = Debug|Any CPU
		{68E35071-D386-4AFF-BF60-2D954B026A3E}.Debug|x86.Build.0 = Debug|Any CPU
		{68E35071-D386-4AFF-BF60-2D954B026A3E}.Release|Any CPU.ActiveCfg = Release|Any CPU
		{68E35071-D386-4AFF-BF60-2D954B026A3E}.Release|Any CPU.Build.0 = Release|Any CPU
		{68E35071-D386-4AFF-BF60-2D954B026A3E}.Release|x64.ActiveCfg = Release|Any CPU
		{68E35071-D386-4AFF-BF60-2D954B026A3E}.Release|x64.Build.0 = Release|Any CPU
		{68E35071-D386-4AFF-BF60-2D954B026A3E}.Release|x86.ActiveCfg = Release|Any CPU
		{68E35071-D386-4AFF-BF60-2D954B026A3E}.Release|x86.Build.0 = Release|Any CPU
		{A7A209FB-4D1B-411B-9566-49E42F4BC784}.Debug|Any CPU.ActiveCfg = Debug|Any CPU
		{A7A209FB-4D1B-411B-9566-49E42F4BC784}.Debug|Any CPU.Build.0 = Debug|Any CPU
		{A7A209FB-4D1B-411B-9566-49E42F4BC784}.Debug|x64.ActiveCfg = Debug|Any CPU
		{A7A209FB-4D1B-411B-9566-49E42F4BC784}.Debug|x64.Build.0 = Debug|Any CPU
		{A7A209FB-4D1B-411B-9566-49E42F4BC784}.Debug|x86.ActiveCfg = Debug|Any CPU
		{A7A209FB-4D1B-411B-9566-49E42F4BC784}.Debug|x86.Build.0 = Debug|Any CPU
		{A7A209FB-4D1B-411B-9566-49E42F4BC784}.Release|Any CPU.ActiveCfg = Release|Any CPU
		{A7A209FB-4D1B-411B-9566-49E42F4BC784}.Release|Any CPU.Build.0 = Release|Any CPU
		{A7A209FB-4D1B-411B-9566-49E42F4BC784}.Release|x64.ActiveCfg = Release|Any CPU
		{A7A209FB-4D1B-411B-9566-49E42F4BC784}.Release|x64.Build.0 = Release|Any CPU
		{A7A209FB-4D1B-411B-9566-49E42F4BC784}.Release|x86.ActiveCfg = Release|Any CPU
		{A7A209FB-4D1B-411B-9566-49E42F4BC784}.Release|x86.Build.0 = Release|Any CPU
		{FFFD1FAB-17C8-42AC-B89C-143068FFB8F0}.Debug|Any CPU.ActiveCfg = Debug|Any CPU
		{FFFD1FAB-17C8-42AC-B89C-143068FFB8F0}.Debug|Any CPU.Build.0 = Debug|Any CPU
		{FFFD1FAB-17C8-42AC-B89C-143068FFB8F0}.Debug|x64.ActiveCfg = Debug|Any CPU
		{FFFD1FAB-17C8-42AC-B89C-143068FFB8F0}.Debug|x64.Build.0 = Debug|Any CPU
		{FFFD1FAB-17C8-42AC-B89C-143068FFB8F0}.Debug|x86.ActiveCfg = Debug|Any CPU
		{FFFD1FAB-17C8-42AC-B89C-143068FFB8F0}.Debug|x86.Build.0 = Debug|Any CPU
		{FFFD1FAB-17C8-42AC-B89C-143068FFB8F0}.Release|Any CPU.ActiveCfg = Release|Any CPU
		{FFFD1FAB-17C8-42AC-B89C-143068FFB8F0}.Release|Any CPU.Build.0 = Release|Any CPU
		{FFFD1FAB-17C8-42AC-B89C-143068FFB8F0}.Release|x64.ActiveCfg = Release|Any CPU
		{FFFD1FAB-17C8-42AC-B89C-143068FFB8F0}.Release|x64.Build.0 = Release|Any CPU
		{FFFD1FAB-17C8-42AC-B89C-143068FFB8F0}.Release|x86.ActiveCfg = Release|Any CPU
		{FFFD1FAB-17C8-42AC-B89C-143068FFB8F0}.Release|x86.Build.0 = Release|Any CPU
		{C491B8DF-C053-412C-A058-4677BE1A7DEF}.Debug|Any CPU.ActiveCfg = Debug|Any CPU
		{C491B8DF-C053-412C-A058-4677BE1A7DEF}.Debug|Any CPU.Build.0 = Debug|Any CPU
		{C491B8DF-C053-412C-A058-4677BE1A7DEF}.Debug|x64.ActiveCfg = Debug|Any CPU
		{C491B8DF-C053-412C-A058-4677BE1A7DEF}.Debug|x64.Build.0 = Debug|Any CPU
		{C491B8DF-C053-412C-A058-4677BE1A7DEF}.Debug|x86.ActiveCfg = Debug|Any CPU
		{C491B8DF-C053-412C-A058-4677BE1A7DEF}.Debug|x86.Build.0 = Debug|Any CPU
		{C491B8DF-C053-412C-A058-4677BE1A7DEF}.Release|Any CPU.ActiveCfg = Release|Any CPU
		{C491B8DF-C053-412C-A058-4677BE1A7DEF}.Release|Any CPU.Build.0 = Release|Any CPU
		{C491B8DF-C053-412C-A058-4677BE1A7DEF}.Release|x64.ActiveCfg = Release|Any CPU
		{C491B8DF-C053-412C-A058-4677BE1A7DEF}.Release|x64.Build.0 = Release|Any CPU
		{C491B8DF-C053-412C-A058-4677BE1A7DEF}.Release|x86.ActiveCfg = Release|Any CPU
		{C491B8DF-C053-412C-A058-4677BE1A7DEF}.Release|x86.Build.0 = Release|Any CPU
		{33205FA2-48AF-415E-BDE5-91075C243D6E}.Debug|Any CPU.ActiveCfg = Debug|Any CPU
		{33205FA2-48AF-415E-BDE5-91075C243D6E}.Debug|Any CPU.Build.0 = Debug|Any CPU
		{33205FA2-48AF-415E-BDE5-91075C243D6E}.Debug|x64.ActiveCfg = Debug|Any CPU
		{33205FA2-48AF-415E-BDE5-91075C243D6E}.Debug|x64.Build.0 = Debug|Any CPU
		{33205FA2-48AF-415E-BDE5-91075C243D6E}.Debug|x86.ActiveCfg = Debug|Any CPU
		{33205FA2-48AF-415E-BDE5-91075C243D6E}.Debug|x86.Build.0 = Debug|Any CPU
		{33205FA2-48AF-415E-BDE5-91075C243D6E}.Release|Any CPU.ActiveCfg = Release|Any CPU
		{33205FA2-48AF-415E-BDE5-91075C243D6E}.Release|Any CPU.Build.0 = Release|Any CPU
		{33205FA2-48AF-415E-BDE5-91075C243D6E}.Release|x64.ActiveCfg = Release|Any CPU
		{33205FA2-48AF-415E-BDE5-91075C243D6E}.Release|x64.Build.0 = Release|Any CPU
		{33205FA2-48AF-415E-BDE5-91075C243D6E}.Release|x86.ActiveCfg = Release|Any CPU
		{33205FA2-48AF-415E-BDE5-91075C243D6E}.Release|x86.Build.0 = Release|Any CPU
		{BA05CA6E-464A-4003-BAF5-F7ADDC37CA0B}.Debug|Any CPU.ActiveCfg = Debug|Any CPU
		{BA05CA6E-464A-4003-BAF5-F7ADDC37CA0B}.Debug|Any CPU.Build.0 = Debug|Any CPU
		{BA05CA6E-464A-4003-BAF5-F7ADDC37CA0B}.Debug|x64.ActiveCfg = Debug|Any CPU
		{BA05CA6E-464A-4003-BAF5-F7ADDC37CA0B}.Debug|x64.Build.0 = Debug|Any CPU
		{BA05CA6E-464A-4003-BAF5-F7ADDC37CA0B}.Debug|x86.ActiveCfg = Debug|Any CPU
		{BA05CA6E-464A-4003-BAF5-F7ADDC37CA0B}.Debug|x86.Build.0 = Debug|Any CPU
		{BA05CA6E-464A-4003-BAF5-F7ADDC37CA0B}.Release|Any CPU.ActiveCfg = Release|Any CPU
		{BA05CA6E-464A-4003-BAF5-F7ADDC37CA0B}.Release|Any CPU.Build.0 = Release|Any CPU
		{BA05CA6E-464A-4003-BAF5-F7ADDC37CA0B}.Release|x64.ActiveCfg = Release|Any CPU
		{BA05CA6E-464A-4003-BAF5-F7ADDC37CA0B}.Release|x64.Build.0 = Release|Any CPU
		{BA05CA6E-464A-4003-BAF5-F7ADDC37CA0B}.Release|x86.ActiveCfg = Release|Any CPU
		{BA05CA6E-464A-4003-BAF5-F7ADDC37CA0B}.Release|x86.Build.0 = Release|Any CPU
		{397A69C8-326F-4C5A-9618-33BD1D8C8E58}.Debug|Any CPU.ActiveCfg = Debug|Any CPU
		{397A69C8-326F-4C5A-9618-33BD1D8C8E58}.Debug|Any CPU.Build.0 = Debug|Any CPU
		{397A69C8-326F-4C5A-9618-33BD1D8C8E58}.Debug|x64.ActiveCfg = Debug|Any CPU
		{397A69C8-326F-4C5A-9618-33BD1D8C8E58}.Debug|x64.Build.0 = Debug|Any CPU
		{397A69C8-326F-4C5A-9618-33BD1D8C8E58}.Debug|x86.ActiveCfg = Debug|Any CPU
		{397A69C8-326F-4C5A-9618-33BD1D8C8E58}.Debug|x86.Build.0 = Debug|Any CPU
		{397A69C8-326F-4C5A-9618-33BD1D8C8E58}.Release|Any CPU.ActiveCfg = Release|Any CPU
		{397A69C8-326F-4C5A-9618-33BD1D8C8E58}.Release|Any CPU.Build.0 = Release|Any CPU
		{397A69C8-326F-4C5A-9618-33BD1D8C8E58}.Release|x64.ActiveCfg = Release|Any CPU
		{397A69C8-326F-4C5A-9618-33BD1D8C8E58}.Release|x64.Build.0 = Release|Any CPU
		{397A69C8-326F-4C5A-9618-33BD1D8C8E58}.Release|x86.ActiveCfg = Release|Any CPU
		{397A69C8-326F-4C5A-9618-33BD1D8C8E58}.Release|x86.Build.0 = Release|Any CPU
		{C4B9F135-C1CD-45F4-BB7C-386E2C62ECA8}.Debug|Any CPU.ActiveCfg = Debug|Any CPU
		{C4B9F135-C1CD-45F4-BB7C-386E2C62ECA8}.Debug|Any CPU.Build.0 = Debug|Any CPU
		{C4B9F135-C1CD-45F4-BB7C-386E2C62ECA8}.Debug|x64.ActiveCfg = Debug|Any CPU
		{C4B9F135-C1CD-45F4-BB7C-386E2C62ECA8}.Debug|x64.Build.0 = Debug|Any CPU
		{C4B9F135-C1CD-45F4-BB7C-386E2C62ECA8}.Debug|x86.ActiveCfg = Debug|Any CPU
		{C4B9F135-C1CD-45F4-BB7C-386E2C62ECA8}.Debug|x86.Build.0 = Debug|Any CPU
		{C4B9F135-C1CD-45F4-BB7C-386E2C62ECA8}.Release|Any CPU.ActiveCfg = Release|Any CPU
		{C4B9F135-C1CD-45F4-BB7C-386E2C62ECA8}.Release|Any CPU.Build.0 = Release|Any CPU
		{C4B9F135-C1CD-45F4-BB7C-386E2C62ECA8}.Release|x64.ActiveCfg = Release|Any CPU
		{C4B9F135-C1CD-45F4-BB7C-386E2C62ECA8}.Release|x64.Build.0 = Release|Any CPU
		{C4B9F135-C1CD-45F4-BB7C-386E2C62ECA8}.Release|x86.ActiveCfg = Release|Any CPU
		{C4B9F135-C1CD-45F4-BB7C-386E2C62ECA8}.Release|x86.Build.0 = Release|Any CPU
		{B50E646C-2C04-40E6-A2BB-B090BD425AF4}.Debug|Any CPU.ActiveCfg = Debug|Any CPU
		{B50E646C-2C04-40E6-A2BB-B090BD425AF4}.Debug|Any CPU.Build.0 = Debug|Any CPU
		{B50E646C-2C04-40E6-A2BB-B090BD425AF4}.Debug|x64.ActiveCfg = Debug|Any CPU
		{B50E646C-2C04-40E6-A2BB-B090BD425AF4}.Debug|x64.Build.0 = Debug|Any CPU
		{B50E646C-2C04-40E6-A2BB-B090BD425AF4}.Debug|x86.ActiveCfg = Debug|Any CPU
		{B50E646C-2C04-40E6-A2BB-B090BD425AF4}.Debug|x86.Build.0 = Debug|Any CPU
		{B50E646C-2C04-40E6-A2BB-B090BD425AF4}.Release|Any CPU.ActiveCfg = Release|Any CPU
		{B50E646C-2C04-40E6-A2BB-B090BD425AF4}.Release|Any CPU.Build.0 = Release|Any CPU
		{B50E646C-2C04-40E6-A2BB-B090BD425AF4}.Release|x64.ActiveCfg = Release|Any CPU
		{B50E646C-2C04-40E6-A2BB-B090BD425AF4}.Release|x64.Build.0 = Release|Any CPU
		{B50E646C-2C04-40E6-A2BB-B090BD425AF4}.Release|x86.ActiveCfg = Release|Any CPU
		{B50E646C-2C04-40E6-A2BB-B090BD425AF4}.Release|x86.Build.0 = Release|Any CPU
		{6B3E0D25-E51C-40BA-95A6-708EC03D9CBB}.Debug|Any CPU.ActiveCfg = Debug|Any CPU
		{6B3E0D25-E51C-40BA-95A6-708EC03D9CBB}.Debug|Any CPU.Build.0 = Debug|Any CPU
		{6B3E0D25-E51C-40BA-95A6-708EC03D9CBB}.Debug|x64.ActiveCfg = Debug|Any CPU
		{6B3E0D25-E51C-40BA-95A6-708EC03D9CBB}.Debug|x64.Build.0 = Debug|Any CPU
		{6B3E0D25-E51C-40BA-95A6-708EC03D9CBB}.Debug|x86.ActiveCfg = Debug|Any CPU
		{6B3E0D25-E51C-40BA-95A6-708EC03D9CBB}.Debug|x86.Build.0 = Debug|Any CPU
		{6B3E0D25-E51C-40BA-95A6-708EC03D9CBB}.Release|Any CPU.ActiveCfg = Release|Any CPU
		{6B3E0D25-E51C-40BA-95A6-708EC03D9CBB}.Release|Any CPU.Build.0 = Release|Any CPU
		{6B3E0D25-E51C-40BA-95A6-708EC03D9CBB}.Release|x64.ActiveCfg = Release|Any CPU
		{6B3E0D25-E51C-40BA-95A6-708EC03D9CBB}.Release|x64.Build.0 = Release|Any CPU
		{6B3E0D25-E51C-40BA-95A6-708EC03D9CBB}.Release|x86.ActiveCfg = Release|Any CPU
		{6B3E0D25-E51C-40BA-95A6-708EC03D9CBB}.Release|x86.Build.0 = Release|Any CPU
		{3080DF43-EACB-43BB-B3B5-3FF33EEF0447}.Debug|Any CPU.ActiveCfg = Debug|Any CPU
		{3080DF43-EACB-43BB-B3B5-3FF33EEF0447}.Debug|Any CPU.Build.0 = Debug|Any CPU
		{3080DF43-EACB-43BB-B3B5-3FF33EEF0447}.Debug|x64.ActiveCfg = Debug|Any CPU
		{3080DF43-EACB-43BB-B3B5-3FF33EEF0447}.Debug|x64.Build.0 = Debug|Any CPU
		{3080DF43-EACB-43BB-B3B5-3FF33EEF0447}.Debug|x86.ActiveCfg = Debug|Any CPU
		{3080DF43-EACB-43BB-B3B5-3FF33EEF0447}.Debug|x86.Build.0 = Debug|Any CPU
		{3080DF43-EACB-43BB-B3B5-3FF33EEF0447}.Release|Any CPU.ActiveCfg = Release|Any CPU
		{3080DF43-EACB-43BB-B3B5-3FF33EEF0447}.Release|Any CPU.Build.0 = Release|Any CPU
		{3080DF43-EACB-43BB-B3B5-3FF33EEF0447}.Release|x64.ActiveCfg = Release|Any CPU
		{3080DF43-EACB-43BB-B3B5-3FF33EEF0447}.Release|x64.Build.0 = Release|Any CPU
		{3080DF43-EACB-43BB-B3B5-3FF33EEF0447}.Release|x86.ActiveCfg = Release|Any CPU
		{3080DF43-EACB-43BB-B3B5-3FF33EEF0447}.Release|x86.Build.0 = Release|Any CPU
		{FA3129F8-0B5B-43CE-8F27-325A4F9D37BD}.Debug|Any CPU.ActiveCfg = Debug|Any CPU
		{FA3129F8-0B5B-43CE-8F27-325A4F9D37BD}.Debug|Any CPU.Build.0 = Debug|Any CPU
		{FA3129F8-0B5B-43CE-8F27-325A4F9D37BD}.Debug|x64.ActiveCfg = Debug|Any CPU
		{FA3129F8-0B5B-43CE-8F27-325A4F9D37BD}.Debug|x64.Build.0 = Debug|Any CPU
		{FA3129F8-0B5B-43CE-8F27-325A4F9D37BD}.Debug|x86.ActiveCfg = Debug|Any CPU
		{FA3129F8-0B5B-43CE-8F27-325A4F9D37BD}.Debug|x86.Build.0 = Debug|Any CPU
		{FA3129F8-0B5B-43CE-8F27-325A4F9D37BD}.Release|Any CPU.ActiveCfg = Release|Any CPU
		{FA3129F8-0B5B-43CE-8F27-325A4F9D37BD}.Release|Any CPU.Build.0 = Release|Any CPU
		{FA3129F8-0B5B-43CE-8F27-325A4F9D37BD}.Release|x64.ActiveCfg = Release|Any CPU
		{FA3129F8-0B5B-43CE-8F27-325A4F9D37BD}.Release|x64.Build.0 = Release|Any CPU
		{FA3129F8-0B5B-43CE-8F27-325A4F9D37BD}.Release|x86.ActiveCfg = Release|Any CPU
		{FA3129F8-0B5B-43CE-8F27-325A4F9D37BD}.Release|x86.Build.0 = Release|Any CPU
	EndGlobalSection
	GlobalSection(SolutionProperties) = preSolution
		HideSolutionNode = FALSE
	EndGlobalSection
	GlobalSection(NestedProjects) = preSolution
		{684CFEA8-8D39-4C68-97B8-A392D4FDB319} = {DA5816C1-E7F3-4697-BEDC-7894896854E5}
		{425C12A3-D4E2-470E-9EFE-9889A718A0EE} = {DA5816C1-E7F3-4697-BEDC-7894896854E5}
		{969434FE-5D1B-4FBB-9D91-CD77F5B3D6F2} = {8302A3D4-8CC6-4A76-BD0B-8791BECA4379}
		{86BBEB98-79B8-400A-863B-A0A595D3EA3A} = {969434FE-5D1B-4FBB-9D91-CD77F5B3D6F2}
		{6CA6C5AF-69A0-434F-AADB-E98ECF9C732B} = {425C12A3-D4E2-470E-9EFE-9889A718A0EE}
		{4B884088-F8A0-4483-9CDD-692225E07FF9} = {684CFEA8-8D39-4C68-97B8-A392D4FDB319}
		{FC8D521E-DF7A-436B-B33D-0BF0B3A9707D} = {969434FE-5D1B-4FBB-9D91-CD77F5B3D6F2}
		{5A28FF21-794E-4138-82C0-EB5FBEB94E46} = {969434FE-5D1B-4FBB-9D91-CD77F5B3D6F2}
		{ECD47B2E-ED9D-4B8A-92F1-950268516BF5} = {DA5816C1-E7F3-4697-BEDC-7894896854E5}
		{78FA6AF1-581A-48F7-A794-33162A782D3F} = {ECD47B2E-ED9D-4B8A-92F1-950268516BF5}
		{4F32ED19-73FA-4598-AB0C-7EA91C5FED77} = {DA5816C1-E7F3-4697-BEDC-7894896854E5}
		{7CD8338F-A7C1-481D-AB07-D8CB6E7893CA} = {DA5816C1-E7F3-4697-BEDC-7894896854E5}
		{23A68E44-4EEF-4DF2-8FC7-DA4DCA79AF10} = {DA5816C1-E7F3-4697-BEDC-7894896854E5}
		{DBB6E8CB-F269-4AF1-968B-0EB5C809BD08} = {DA5816C1-E7F3-4697-BEDC-7894896854E5}
		{060D178A-7C05-414A-8315-7540B6F92A5E} = {684CFEA8-8D39-4C68-97B8-A392D4FDB319}
		{6B5CF689-AD7E-426F-AF1A-FCF4B41B0DED} = {684CFEA8-8D39-4C68-97B8-A392D4FDB319}
		{9581C96A-19BF-47E1-A400-376A92F1C97C} = {425C12A3-D4E2-470E-9EFE-9889A718A0EE}
		{05E7D1E7-5AD9-47D2-9D48-A9028132F61B} = {425C12A3-D4E2-470E-9EFE-9889A718A0EE}
		{8BC20E2C-F502-4486-83D0-38F43F74EDAB} = {23A68E44-4EEF-4DF2-8FC7-DA4DCA79AF10}
		{A1FFF751-0804-4BD2-8251-2CD62D97D6F0} = {DA5816C1-E7F3-4697-BEDC-7894896854E5}
		{68E35071-D386-4AFF-BF60-2D954B026A3E} = {A1FFF751-0804-4BD2-8251-2CD62D97D6F0}
		{A7A209FB-4D1B-411B-9566-49E42F4BC784} = {4F32ED19-73FA-4598-AB0C-7EA91C5FED77}
		{FFFD1FAB-17C8-42AC-B89C-143068FFB8F0} = {4F32ED19-73FA-4598-AB0C-7EA91C5FED77}
		{C491B8DF-C053-412C-A058-4677BE1A7DEF} = {4F32ED19-73FA-4598-AB0C-7EA91C5FED77}
		{33205FA2-48AF-415E-BDE5-91075C243D6E} = {7CD8338F-A7C1-481D-AB07-D8CB6E7893CA}
		{952F07F2-F575-4B04-8987-92383A8EAC4E} = {8764100B-DE73-4BD4-A36E-52AC929E3135}
		{BA05CA6E-464A-4003-BAF5-F7ADDC37CA0B} = {952F07F2-F575-4B04-8987-92383A8EAC4E}
		{397A69C8-326F-4C5A-9618-33BD1D8C8E58} = {DBB6E8CB-F269-4AF1-968B-0EB5C809BD08}
		{C4B9F135-C1CD-45F4-BB7C-386E2C62ECA8} = {684CFEA8-8D39-4C68-97B8-A392D4FDB319}
		{B50E646C-2C04-40E6-A2BB-B090BD425AF4} = {425C12A3-D4E2-470E-9EFE-9889A718A0EE}
		{6B3E0D25-E51C-40BA-95A6-708EC03D9CBB} = {ECD47B2E-ED9D-4B8A-92F1-950268516BF5}
		{73B583D2-E51D-4D85-8FD9-80FE03E17229} = {E3D76CEA-9156-4903-97C0-85086829F8DC}
		{3080DF43-EACB-43BB-B3B5-3FF33EEF0447} = {73B583D2-E51D-4D85-8FD9-80FE03E17229}
		{F2CD7D3A-4AE3-4DD9-8F0E-3A1AD0C544EE} = {E3D76CEA-9156-4903-97C0-85086829F8DC}
		{1FFB3CE6-719E-4477-9C1B-691872062243} = {E3D76CEA-9156-4903-97C0-85086829F8DC}
	EndGlobalSection
	GlobalSection(ExtensibilityGlobals) = postSolution
		SolutionGuid = {3A7DB36F-2A66-44A6-9057-9D7D43E2B72C}
	EndGlobalSection
EndGlobal
