
Microsoft Visual Studio Solution File, Format Version 12.00
# Visual Studio Version 16
VisualStudioVersion = 16.0.30907.101
MinimumVisualStudioVersion = 10.0.40219.1
Project("{9A19103F-16F7-4668-BE54-9A1E7A4F7556}") = "IdentityServerAspNetIdentity", "IdentityServerAspNetIdentity\IdentityServerAspNetIdentity.csproj", "{9A7DD5B7-D9C3-4391-80E8-172D3656785B}"
EndProject
Global
	GlobalSection(SolutionConfigurationPlatforms) = preSolution
		Debug|Any CPU = Debug|Any CPU
		Release|Any CPU = Release|Any CPU
	EndGlobalSection
	GlobalSection(ProjectConfigurationPlatforms) = postSolution
		{9A7DD5B7-D9C3-4391-80E8-172D3656785B}.Debug|Any CPU.ActiveCfg = Debug|Any CPU
		{9A7DD5B7-D9C3-4391-80E8-172D3656785B}.Debug|Any CPU.Build.0 = Debug|Any CPU
		{9A7DD5B7-D9C3-4391-80E8-172D3656785B}.Release|Any CPU.ActiveCfg = Release|Any CPU
		{9A7DD5B7-D9C3-4391-80E8-172D3656785B}.Release|Any CPU.Build.0 = Release|Any CPU
	EndGlobalSection
	GlobalSection(SolutionProperties) = preSolution
		HideSolutionNode = FALSE
	EndGlobalSection
	GlobalSection(ExtensibilityGlobals) = postSolution
		SolutionGuid = {9F7925A8-2208-4CED-8C5C-187FCA0B73A3}
	EndGlobalSection
EndGlobal
